
Microsoft Visual Studio Solution File, Format Version 12.00
# Visual Studio Version 17
VisualStudioVersion = 17.0.31903.59
MinimumVisualStudioVersion = 10.0.40219.1
Project("{2150E333-8FDC-42A3-9474-1A3956D46DE8}") = "Solution Items", "Solution Items", "{7438D12F-EBB2-4FC1-87F9-BBAC3E23F5A6}"
	ProjectSection(SolutionItems) = preProject
		README.md = README.md
	EndProjectSection
EndProject
Project("{9A19103F-16F7-4668-BE54-9A1E7A4F7556}") = "FizzBuzzGame.Tests", "FizzBuzzGame.Tests\FizzBuzzGame.Tests.csproj", "{97F7AA10-1B5B-45A7-B402-43BECE885CC0}"
EndProject
Project("{9A19103F-16F7-4668-BE54-9A1E7A4F7556}") = "TaskTracker.Tests", "TaskTracker.Tests\TaskTracker.Tests.csproj", "{5AAADDC7-D1DB-45B9-98C6-D00F69EB9393}"
EndProject
Project("{9A19103F-16F7-4668-BE54-9A1E7A4F7556}") = "CommonLibrary", "CommonLibrary\CommonLibrary.csproj", "{56128ADC-5DE6-486B-AA6B-76FBDD49C192}"
EndProject
Project("{9A19103F-16F7-4668-BE54-9A1E7A4F7556}") = "TaskTrackerAPI", "TaskTrackerAPI\TaskTrackerAPI.csproj", "{D1C2AD95-DFAC-4A37-BEF8-30551D787347}"
EndProject
Project("{9A19103F-16F7-4668-BE54-9A1E7A4F7556}") = "FizzBuzzAPI", "FizzBuzzAPI\FizzBuzzAPI.csproj", "{325BE6C8-A103-41F7-8AC0-362C44C77492}"
EndProject
Project("{9A19103F-16F7-4668-BE54-9A1E7A4F7556}") = "FizzBuzzConsole", "FizzBuzzConsole\FizzBuzzConsole.csproj", "{05BFA43C-A8D6-4878-A85B-73F99D7CD3EB}"
EndProject
Project("{9A19103F-16F7-4668-BE54-9A1E7A4F7556}") = "TaskTrackerConsole", "TaskTrackerConsole\TaskTrackerConsole.csproj", "{62B978EC-2330-4FEB-8409-B1B16767E4B3}"
EndProject
Project("{9A19103F-16F7-4668-BE54-9A1E7A4F7556}") = "SecureUserConsole", "SecureUserConsole\SecureUserConsole.csproj", "{09543EC6-6964-4635-9FE4-589E0782EBF9}"
EndProject
Project("{FAE04EC0-301F-11D3-BF4B-00C04F79EFBC}") = "SecureUserConsole.Tests", "SecureUserConsoleTests\SecureUserConsole.Tests.csproj", "{B3895B01-2450-4BA1-93F0-D7EE8708E4B9}"
EndProject
Project("{FAE04EC0-301F-11D3-BF4B-00C04F79EFBC}") = "SecureUserAPI", "SecureUserAPI\SecureUserAPI.csproj", "{8C947DC3-144A-49EB-8C18-A69419E18524}"
EndProject
Global
	GlobalSection(SolutionConfigurationPlatforms) = preSolution
		Debug|Any CPU = Debug|Any CPU
		Release|Any CPU = Release|Any CPU
	EndGlobalSection
	GlobalSection(ProjectConfigurationPlatforms) = postSolution
		{97F7AA10-1B5B-45A7-B402-43BECE885CC0}.Debug|Any CPU.ActiveCfg = Debug|Any CPU
		{97F7AA10-1B5B-45A7-B402-43BECE885CC0}.Debug|Any CPU.Build.0 = Debug|Any CPU
		{97F7AA10-1B5B-45A7-B402-43BECE885CC0}.Release|Any CPU.ActiveCfg = Release|Any CPU
		{97F7AA10-1B5B-45A7-B402-43BECE885CC0}.Release|Any CPU.Build.0 = Release|Any CPU
		{5AAADDC7-D1DB-45B9-98C6-D00F69EB9393}.Debug|Any CPU.ActiveCfg = Debug|Any CPU
		{5AAADDC7-D1DB-45B9-98C6-D00F69EB9393}.Debug|Any CPU.Build.0 = Debug|Any CPU
		{5AAADDC7-D1DB-45B9-98C6-D00F69EB9393}.Release|Any CPU.ActiveCfg = Release|Any CPU
		{5AAADDC7-D1DB-45B9-98C6-D00F69EB9393}.Release|Any CPU.Build.0 = Release|Any CPU
		{56128ADC-5DE6-486B-AA6B-76FBDD49C192}.Debug|Any CPU.ActiveCfg = Debug|Any CPU
		{56128ADC-5DE6-486B-AA6B-76FBDD49C192}.Debug|Any CPU.Build.0 = Debug|Any CPU
		{56128ADC-5DE6-486B-AA6B-76FBDD49C192}.Release|Any CPU.ActiveCfg = Release|Any CPU
		{56128ADC-5DE6-486B-AA6B-76FBDD49C192}.Release|Any CPU.Build.0 = Release|Any CPU
		{D1C2AD95-DFAC-4A37-BEF8-30551D787347}.Debug|Any CPU.ActiveCfg = Debug|Any CPU
		{D1C2AD95-DFAC-4A37-BEF8-30551D787347}.Debug|Any CPU.Build.0 = Debug|Any CPU
		{D1C2AD95-DFAC-4A37-BEF8-30551D787347}.Release|Any CPU.ActiveCfg = Release|Any CPU
		{D1C2AD95-DFAC-4A37-BEF8-30551D787347}.Release|Any CPU.Build.0 = Release|Any CPU
		{325BE6C8-A103-41F7-8AC0-362C44C77492}.Debug|Any CPU.ActiveCfg = Debug|Any CPU
		{325BE6C8-A103-41F7-8AC0-362C44C77492}.Debug|Any CPU.Build.0 = Debug|Any CPU
		{325BE6C8-A103-41F7-8AC0-362C44C77492}.Release|Any CPU.ActiveCfg = Release|Any CPU
		{325BE6C8-A103-41F7-8AC0-362C44C77492}.Release|Any CPU.Build.0 = Release|Any CPU
		{05BFA43C-A8D6-4878-A85B-73F99D7CD3EB}.Debug|Any CPU.ActiveCfg = Debug|Any CPU
		{05BFA43C-A8D6-4878-A85B-73F99D7CD3EB}.Debug|Any CPU.Build.0 = Debug|Any CPU
		{05BFA43C-A8D6-4878-A85B-73F99D7CD3EB}.Release|Any CPU.ActiveCfg = Release|Any CPU
		{05BFA43C-A8D6-4878-A85B-73F99D7CD3EB}.Release|Any CPU.Build.0 = Release|Any CPU
		{62B978EC-2330-4FEB-8409-B1B16767E4B3}.Debug|Any CPU.ActiveCfg = Debug|Any CPU
		{62B978EC-2330-4FEB-8409-B1B16767E4B3}.Debug|Any CPU.Build.0 = Debug|Any CPU
		{62B978EC-2330-4FEB-8409-B1B16767E4B3}.Release|Any CPU.ActiveCfg = Release|Any CPU
		{62B978EC-2330-4FEB-8409-B1B16767E4B3}.Release|Any CPU.Build.0 = Release|Any CPU
		{09543EC6-6964-4635-9FE4-589E0782EBF9}.Debug|Any CPU.ActiveCfg = Debug|Any CPU
		{09543EC6-6964-4635-9FE4-589E0782EBF9}.Debug|Any CPU.Build.0 = Debug|Any CPU
		{09543EC6-6964-4635-9FE4-589E0782EBF9}.Release|Any CPU.ActiveCfg = Release|Any CPU
		{09543EC6-6964-4635-9FE4-589E0782EBF9}.Release|Any CPU.Build.0 = Release|Any CPU
		{B3895B01-2450-4BA1-93F0-D7EE8708E4B9}.Debug|Any CPU.ActiveCfg = Debug|Any CPU
		{B3895B01-2450-4BA1-93F0-D7EE8708E4B9}.Debug|Any CPU.Build.0 = Debug|Any CPU
		{B3895B01-2450-4BA1-93F0-D7EE8708E4B9}.Release|Any CPU.ActiveCfg = Release|Any CPU
		{B3895B01-2450-4BA1-93F0-D7EE8708E4B9}.Release|Any CPU.Build.0 = Release|Any CPU
		{8C947DC3-144A-49EB-8C18-A69419E18524}.Debug|Any CPU.ActiveCfg = Debug|Any CPU
		{8C947DC3-144A-49EB-8C18-A69419E18524}.Debug|Any CPU.Build.0 = Debug|Any CPU
		{8C947DC3-144A-49EB-8C18-A69419E18524}.Release|Any CPU.ActiveCfg = Release|Any CPU
		{8C947DC3-144A-49EB-8C18-A69419E18524}.Release|Any CPU.Build.0 = Release|Any CPU
	EndGlobalSection
	GlobalSection(SolutionProperties) = preSolution
		HideSolutionNode = FALSE
	EndGlobalSection
	GlobalSection(ExtensibilityGlobals) = postSolution
		SolutionGuid = {77FEEBD9-C6DE-483A-8BE7-F30C15050465}
	EndGlobalSection
EndGlobal
